
Microsoft Visual Studio Solution File, Format Version 11.00
# Visual Studio 2010
Project("{FAE04EC0-301F-11D3-BF4B-00C04F79EFBC}") = "Sienna-Shared", "Sienna-Shared\Sienna-Shared.csproj", "{D02108E9-1421-427B-B7FB-41A3963D69AF}"
EndProject
Project("{FAE04EC0-301F-11D3-BF4B-00C04F79EFBC}") = "Sienna-LogonServer", "Sienna-LogonServer\Sienna-LogonServer.csproj", "{F3D61585-8660-4C14-B3B9-30E0EE3F66E1}"
EndProject
Global
	GlobalSection(SolutionConfigurationPlatforms) = preSolution
		Debug|Any CPU = Debug|Any CPU
		Release|Any CPU = Release|Any CPU
	EndGlobalSection
	GlobalSection(ProjectConfigurationPlatforms) = postSolution
		{D02108E9-1421-427B-B7FB-41A3963D69AF}.Debug|Any CPU.ActiveCfg = Debug|Any CPU
		{D02108E9-1421-427B-B7FB-41A3963D69AF}.Debug|Any CPU.Build.0 = Debug|Any CPU
		{D02108E9-1421-427B-B7FB-41A3963D69AF}.Release|Any CPU.ActiveCfg = Release|Any CPU
		{D02108E9-1421-427B-B7FB-41A3963D69AF}.Release|Any CPU.Build.0 = Release|Any CPU
		{F3D61585-8660-4C14-B3B9-30E0EE3F66E1}.Debug|Any CPU.ActiveCfg = Debug|Any CPU
		{F3D61585-8660-4C14-B3B9-30E0EE3F66E1}.Debug|Any CPU.Build.0 = Debug|Any CPU
		{F3D61585-8660-4C14-B3B9-30E0EE3F66E1}.Release|Any CPU.ActiveCfg = Release|Any CPU
		{F3D61585-8660-4C14-B3B9-30E0EE3F66E1}.Release|Any CPU.Build.0 = Release|Any CPU
	EndGlobalSection
	GlobalSection(SolutionProperties) = preSolution
		HideSolutionNode = FALSE
	EndGlobalSection
EndGlobal
