
Microsoft Visual Studio Solution File, Format Version 11.00
# Visual Studio 2010
Project("{FAE04EC0-301F-11D3-BF4B-00C04F79EFBC}") = "CacheExtractor", "CacheExtractor.csproj", "{9CC28EA0-C932-46FB-98B4-8000B0BECB41}"
EndProject
Project("{FAE04EC0-301F-11D3-BF4B-00C04F79EFBC}") = "Common", "..\..\Definitive\Common\Common.csproj", "{2045BAA2-435E-442E-8387-A2884E2E3413}"
EndProject
Project("{FAE04EC0-301F-11D3-BF4B-00C04F79EFBC}") = "FrameWork", "..\..\..\..\FrameWork\FrameWork.csproj", "{D5C98F3A-D5D2-4AED-A5A7-06D2DE095095}"
EndProject
Global
	GlobalSection(SolutionConfigurationPlatforms) = preSolution
		Debug|Any CPU = Debug|Any CPU
		Debug|Mixed Platforms = Debug|Mixed Platforms
		Debug|x86 = Debug|x86
		Release|Any CPU = Release|Any CPU
		Release|Mixed Platforms = Release|Mixed Platforms
		Release|x86 = Release|x86
	EndGlobalSection
	GlobalSection(ProjectConfigurationPlatforms) = postSolution
		{9CC28EA0-C932-46FB-98B4-8000B0BECB41}.Debug|Any CPU.ActiveCfg = Debug|x86
		{9CC28EA0-C932-46FB-98B4-8000B0BECB41}.Debug|Mixed Platforms.ActiveCfg = Debug|x86
		{9CC28EA0-C932-46FB-98B4-8000B0BECB41}.Debug|Mixed Platforms.Build.0 = Debug|x86
		{9CC28EA0-C932-46FB-98B4-8000B0BECB41}.Debug|x86.ActiveCfg = Debug|x86
		{9CC28EA0-C932-46FB-98B4-8000B0BECB41}.Debug|x86.Build.0 = Debug|x86
		{9CC28EA0-C932-46FB-98B4-8000B0BECB41}.Release|Any CPU.ActiveCfg = Release|x86
		{9CC28EA0-C932-46FB-98B4-8000B0BECB41}.Release|Mixed Platforms.ActiveCfg = Release|x86
		{9CC28EA0-C932-46FB-98B4-8000B0BECB41}.Release|Mixed Platforms.Build.0 = Release|x86
		{9CC28EA0-C932-46FB-98B4-8000B0BECB41}.Release|x86.ActiveCfg = Release|x86
		{9CC28EA0-C932-46FB-98B4-8000B0BECB41}.Release|x86.Build.0 = Release|x86
		{2045BAA2-435E-442E-8387-A2884E2E3413}.Debug|Any CPU.ActiveCfg = Debug|Any CPU
		{2045BAA2-435E-442E-8387-A2884E2E3413}.Debug|Any CPU.Build.0 = Debug|Any CPU
		{2045BAA2-435E-442E-8387-A2884E2E3413}.Debug|Mixed Platforms.ActiveCfg = Debug|Any CPU
		{2045BAA2-435E-442E-8387-A2884E2E3413}.Debug|Mixed Platforms.Build.0 = Debug|Any CPU
		{2045BAA2-435E-442E-8387-A2884E2E3413}.Debug|x86.ActiveCfg = Debug|Any CPU
		{2045BAA2-435E-442E-8387-A2884E2E3413}.Release|Any CPU.ActiveCfg = Release|Any CPU
		{2045BAA2-435E-442E-8387-A2884E2E3413}.Release|Any CPU.Build.0 = Release|Any CPU
		{2045BAA2-435E-442E-8387-A2884E2E3413}.Release|Mixed Platforms.ActiveCfg = Release|Any CPU
		{2045BAA2-435E-442E-8387-A2884E2E3413}.Release|Mixed Platforms.Build.0 = Release|Any CPU
		{2045BAA2-435E-442E-8387-A2884E2E3413}.Release|x86.ActiveCfg = Release|Any CPU
		{D5C98F3A-D5D2-4AED-A5A7-06D2DE095095}.Debug|Any CPU.ActiveCfg = Debug|Any CPU
		{D5C98F3A-D5D2-4AED-A5A7-06D2DE095095}.Debug|Any CPU.Build.0 = Debug|Any CPU
		{D5C98F3A-D5D2-4AED-A5A7-06D2DE095095}.Debug|Mixed Platforms.ActiveCfg = Debug|Any CPU
		{D5C98F3A-D5D2-4AED-A5A7-06D2DE095095}.Debug|Mixed Platforms.Build.0 = Debug|Any CPU
		{D5C98F3A-D5D2-4AED-A5A7-06D2DE095095}.Debug|x86.ActiveCfg = Debug|Any CPU
		{D5C98F3A-D5D2-4AED-A5A7-06D2DE095095}.Release|Any CPU.ActiveCfg = Release|Any CPU
		{D5C98F3A-D5D2-4AED-A5A7-06D2DE095095}.Release|Any CPU.Build.0 = Release|Any CPU
		{D5C98F3A-D5D2-4AED-A5A7-06D2DE095095}.Release|Mixed Platforms.ActiveCfg = Release|Any CPU
		{D5C98F3A-D5D2-4AED-A5A7-06D2DE095095}.Release|Mixed Platforms.Build.0 = Release|Any CPU
		{D5C98F3A-D5D2-4AED-A5A7-06D2DE095095}.Release|x86.ActiveCfg = Release|Any CPU
	EndGlobalSection
	GlobalSection(SolutionProperties) = preSolution
		HideSolutionNode = FALSE
	EndGlobalSection
EndGlobal
