
Microsoft Visual Studio Solution File, Format Version 10.00
# Visual Studio 2008
Project("{FAE04EC0-301F-11D3-BF4B-00C04F79EFBC}") = "Launcher", "Launcher\Launcher.csproj", "{B3045FC1-BAEA-4F57-8952-7CF208063052}"
EndProject
Global
	GlobalSection(SolutionConfigurationPlatforms) = preSolution
		Debug|Any CPU = Debug|Any CPU
		Release|Any CPU = Release|Any CPU
	EndGlobalSection
	GlobalSection(ProjectConfigurationPlatforms) = postSolution
		{B3045FC1-BAEA-4F57-8952-7CF208063052}.Debug|Any CPU.ActiveCfg = Debug|Any CPU
		{B3045FC1-BAEA-4F57-8952-7CF208063052}.Debug|Any CPU.Build.0 = Debug|Any CPU
		{B3045FC1-BAEA-4F57-8952-7CF208063052}.Release|Any CPU.ActiveCfg = Release|Any CPU
		{B3045FC1-BAEA-4F57-8952-7CF208063052}.Release|Any CPU.Build.0 = Release|Any CPU
	EndGlobalSection
	GlobalSection(SolutionProperties) = preSolution
		HideSolutionNode = FALSE
	EndGlobalSection
EndGlobal
