
Microsoft Visual Studio Solution File, Format Version 11.00
# Visual Studio 2010
Project("{FAE04EC0-301F-11D3-BF4B-00C04F79EFBC}") = "Common", "Common\Common.csproj", "{2045BAA2-435E-442E-8387-A2884E2E3413}"
EndProject
Project("{FAE04EC0-301F-11D3-BF4B-00C04F79EFBC}") = "CharacterServer", "CharacterServer\CharacterServer.csproj", "{35398053-FA50-4DD9-8214-767FD0FC931F}"
EndProject
Project("{FAE04EC0-301F-11D3-BF4B-00C04F79EFBC}") = "MapServer", "MapServer\MapServer.csproj", "{F3592D05-99F1-40B5-9857-A029C32A180F}"
EndProject
Project("{FAE04EC0-301F-11D3-BF4B-00C04F79EFBC}") = "RealmServer", "RealmServer\RealmServer.csproj", "{E468567D-45D8-4F07-A7AC-17703D67B62D}"
EndProject
Project("{FAE04EC0-301F-11D3-BF4B-00C04F79EFBC}") = "FrameWork", "..\..\..\FrameWork\FrameWork.csproj", "{D5C98F3A-D5D2-4AED-A5A7-06D2DE095095}"
EndProject
Global
	GlobalSection(SolutionConfigurationPlatforms) = preSolution
		Debug|Any CPU = Debug|Any CPU
		Debug|Mixed Platforms = Debug|Mixed Platforms
		Debug|x86 = Debug|x86
		Release|Any CPU = Release|Any CPU
		Release|Mixed Platforms = Release|Mixed Platforms
		Release|x86 = Release|x86
	EndGlobalSection
	GlobalSection(ProjectConfigurationPlatforms) = postSolution
		{2045BAA2-435E-442E-8387-A2884E2E3413}.Debug|Any CPU.ActiveCfg = Debug|Any CPU
		{2045BAA2-435E-442E-8387-A2884E2E3413}.Debug|Any CPU.Build.0 = Debug|Any CPU
		{2045BAA2-435E-442E-8387-A2884E2E3413}.Debug|Mixed Platforms.ActiveCfg = Debug|Any CPU
		{2045BAA2-435E-442E-8387-A2884E2E3413}.Debug|Mixed Platforms.Build.0 = Debug|Any CPU
		{2045BAA2-435E-442E-8387-A2884E2E3413}.Debug|x86.ActiveCfg = Debug|Any CPU
		{2045BAA2-435E-442E-8387-A2884E2E3413}.Release|Any CPU.ActiveCfg = Release|Any CPU
		{2045BAA2-435E-442E-8387-A2884E2E3413}.Release|Any CPU.Build.0 = Release|Any CPU
		{2045BAA2-435E-442E-8387-A2884E2E3413}.Release|Mixed Platforms.ActiveCfg = Release|Any CPU
		{2045BAA2-435E-442E-8387-A2884E2E3413}.Release|Mixed Platforms.Build.0 = Release|Any CPU
		{2045BAA2-435E-442E-8387-A2884E2E3413}.Release|x86.ActiveCfg = Release|Any CPU
		{35398053-FA50-4DD9-8214-767FD0FC931F}.Debug|Any CPU.ActiveCfg = Debug|x86
		{35398053-FA50-4DD9-8214-767FD0FC931F}.Debug|Mixed Platforms.ActiveCfg = Debug|x86
		{35398053-FA50-4DD9-8214-767FD0FC931F}.Debug|Mixed Platforms.Build.0 = Debug|x86
		{35398053-FA50-4DD9-8214-767FD0FC931F}.Debug|x86.ActiveCfg = Debug|x86
		{35398053-FA50-4DD9-8214-767FD0FC931F}.Debug|x86.Build.0 = Debug|x86
		{35398053-FA50-4DD9-8214-767FD0FC931F}.Release|Any CPU.ActiveCfg = Release|x86
		{35398053-FA50-4DD9-8214-767FD0FC931F}.Release|Mixed Platforms.ActiveCfg = Release|x86
		{35398053-FA50-4DD9-8214-767FD0FC931F}.Release|Mixed Platforms.Build.0 = Release|x86
		{35398053-FA50-4DD9-8214-767FD0FC931F}.Release|x86.ActiveCfg = Release|x86
		{35398053-FA50-4DD9-8214-767FD0FC931F}.Release|x86.Build.0 = Release|x86
		{F3592D05-99F1-40B5-9857-A029C32A180F}.Debug|Any CPU.ActiveCfg = Debug|x86
		{F3592D05-99F1-40B5-9857-A029C32A180F}.Debug|Mixed Platforms.ActiveCfg = Debug|x86
		{F3592D05-99F1-40B5-9857-A029C32A180F}.Debug|Mixed Platforms.Build.0 = Debug|x86
		{F3592D05-99F1-40B5-9857-A029C32A180F}.Debug|x86.ActiveCfg = Debug|x86
		{F3592D05-99F1-40B5-9857-A029C32A180F}.Debug|x86.Build.0 = Debug|x86
		{F3592D05-99F1-40B5-9857-A029C32A180F}.Release|Any CPU.ActiveCfg = Release|x86
		{F3592D05-99F1-40B5-9857-A029C32A180F}.Release|Mixed Platforms.ActiveCfg = Release|x86
		{F3592D05-99F1-40B5-9857-A029C32A180F}.Release|Mixed Platforms.Build.0 = Release|x86
		{F3592D05-99F1-40B5-9857-A029C32A180F}.Release|x86.ActiveCfg = Release|x86
		{F3592D05-99F1-40B5-9857-A029C32A180F}.Release|x86.Build.0 = Release|x86
		{E468567D-45D8-4F07-A7AC-17703D67B62D}.Debug|Any CPU.ActiveCfg = Debug|x86
		{E468567D-45D8-4F07-A7AC-17703D67B62D}.Debug|Mixed Platforms.ActiveCfg = Debug|x86
		{E468567D-45D8-4F07-A7AC-17703D67B62D}.Debug|Mixed Platforms.Build.0 = Debug|x86
		{E468567D-45D8-4F07-A7AC-17703D67B62D}.Debug|x86.ActiveCfg = Debug|x86
		{E468567D-45D8-4F07-A7AC-17703D67B62D}.Debug|x86.Build.0 = Debug|x86
		{E468567D-45D8-4F07-A7AC-17703D67B62D}.Release|Any CPU.ActiveCfg = Release|x86
		{E468567D-45D8-4F07-A7AC-17703D67B62D}.Release|Mixed Platforms.ActiveCfg = Release|x86
		{E468567D-45D8-4F07-A7AC-17703D67B62D}.Release|Mixed Platforms.Build.0 = Release|x86
		{E468567D-45D8-4F07-A7AC-17703D67B62D}.Release|x86.ActiveCfg = Release|x86
		{E468567D-45D8-4F07-A7AC-17703D67B62D}.Release|x86.Build.0 = Release|x86
		{D5C98F3A-D5D2-4AED-A5A7-06D2DE095095}.Debug|Any CPU.ActiveCfg = Debug|Any CPU
		{D5C98F3A-D5D2-4AED-A5A7-06D2DE095095}.Debug|Any CPU.Build.0 = Debug|Any CPU
		{D5C98F3A-D5D2-4AED-A5A7-06D2DE095095}.Debug|Mixed Platforms.ActiveCfg = Debug|Any CPU
		{D5C98F3A-D5D2-4AED-A5A7-06D2DE095095}.Debug|Mixed Platforms.Build.0 = Debug|Any CPU
		{D5C98F3A-D5D2-4AED-A5A7-06D2DE095095}.Debug|x86.ActiveCfg = Debug|Any CPU
		{D5C98F3A-D5D2-4AED-A5A7-06D2DE095095}.Release|Any CPU.ActiveCfg = Release|Any CPU
		{D5C98F3A-D5D2-4AED-A5A7-06D2DE095095}.Release|Any CPU.Build.0 = Release|Any CPU
		{D5C98F3A-D5D2-4AED-A5A7-06D2DE095095}.Release|Mixed Platforms.ActiveCfg = Release|Any CPU
		{D5C98F3A-D5D2-4AED-A5A7-06D2DE095095}.Release|Mixed Platforms.Build.0 = Release|Any CPU
		{D5C98F3A-D5D2-4AED-A5A7-06D2DE095095}.Release|x86.ActiveCfg = Release|Any CPU
	EndGlobalSection
	GlobalSection(SolutionProperties) = preSolution
		HideSolutionNode = FALSE
	EndGlobalSection
EndGlobal
